
Microsoft Visual Studio Solution File, Format Version 12.00
# Visual Studio 2013
VisualStudioVersion = 12.0.31101.0
MinimumVisualStudioVersion = 10.0.40219.1
Project("{FAE04EC0-301F-11D3-BF4B-00C04F79EFBC}") = "16.HalfSum", "16.HalfSum\16.HalfSum.csproj", "{7797397F-1F5C-47BC-9912-05DE77DA5FC8}"
EndProject
Project("{FAE04EC0-301F-11D3-BF4B-00C04F79EFBC}") = "01.DeclareVariables", "01.DeclareVariables\01.DeclareVariables.csproj", "{9449E6BD-3BB9-4AD1-8995-A9605DE20421}"
EndProject
Project("{FAE04EC0-301F-11D3-BF4B-00C04F79EFBC}") = "02.FloatOrDouble", "02.FloatOrDouble\02.FloatOrDouble.csproj", "{EED6C38D-1D3A-4DEE-BE2F-8EE0642C8871}"
EndProject
Project("{FAE04EC0-301F-11D3-BF4B-00C04F79EFBC}") = "03.VariableInHexadecimalFormat", "03.VariableInHexadecimalFormat\03.VariableInHexadecimalFormat.csproj", "{50F48C08-089F-4DB3-8643-4474C3C060D1}"
EndProject
Project("{FAE04EC0-301F-11D3-BF4B-00C04F79EFBC}") = "04.UnicodeCharacter", "04.UnicodeCharacter\04.UnicodeCharacter.csproj", "{625086DC-F052-4844-B7CE-2FC471825C7D}"
EndProject
Project("{FAE04EC0-301F-11D3-BF4B-00C04F79EFBC}") = "05.BooleanVariable", "05.BooleanVariable\05.BooleanVariable.csproj", "{C9FFB802-7C6F-4584-BCDA-6981B54908DB}"
EndProject
Project("{FAE04EC0-301F-11D3-BF4B-00C04F79EFBC}") = "06.StringsAndObjects", "06.StringsAndObjects\06.StringsAndObjects.csproj", "{30FCE143-6DBD-44F2-B949-7262DE3CAC24}"
EndProject
Project("{FAE04EC0-301F-11D3-BF4B-00C04F79EFBC}") = "07.QuotesInStrings", "07.QuotesInStrings\07.QuotesInStrings.csproj", "{60478D40-1EAC-45C7-ACA8-3E1B8EB49E9D}"
EndProject
Project("{FAE04EC0-301F-11D3-BF4B-00C04F79EFBC}") = "08.IsoscelesTriangle", "08.IsoscelesTriangle\08.IsoscelesTriangle.csproj", "{A4BFE4A9-6B5E-47B5-BF2D-B816D4CB10E1}"
EndProject
Project("{FAE04EC0-301F-11D3-BF4B-00C04F79EFBC}") = "09.ExchangeVariableValues", "09.ExchangeVariableValues\09.ExchangeVariableValues.csproj", "{65524BF3-4F8F-4CE5-835A-371A392819FC}"
EndProject
Project("{FAE04EC0-301F-11D3-BF4B-00C04F79EFBC}") = "10.EmployeeData", "10.EmployeeData\10.EmployeeData.csproj", "{5EC93A51-5A48-45A0-8593-101C2F805E0F}"
EndProject
Project("{FAE04EC0-301F-11D3-BF4B-00C04F79EFBC}") = "11.BankAccountData", "11.BankAccountData\11.BankAccountData.csproj", "{00E91E96-34BD-4A3E-8A5D-C553ABB40183}"
EndProject
Project("{FAE04EC0-301F-11D3-BF4B-00C04F79EFBC}") = "12.NullValuesArithmetic", "12.NullValuesArithmetic\12.NullValuesArithmetic.csproj", "{92B8A1CF-C998-4B47-9689-727C808ECBD3}"
EndProject
Project("{FAE04EC0-301F-11D3-BF4B-00C04F79EFBC}") = "13.ComparingFloats", "13.ComparingFloats\13.ComparingFloats.csproj", "{B6B2740D-4FFE-442F-8D99-A4219D5C410F}"
EndProject
Project("{FAE04EC0-301F-11D3-BF4B-00C04F79EFBC}") = "14.PrintTheASCII_Table", "14.PrintTheASCII_Table\14.PrintTheASCII_Table.csproj", "{AC933F3C-C80B-446C-AA60-0649BB5ED547}"
EndProject
Project("{FAE04EC0-301F-11D3-BF4B-00C04F79EFBC}") = "15.JoroTheFootballPlayer", "15.JoroTheFootballPlayer\15.JoroTheFootballPlayer.csproj", "{D6691A55-889D-4EFF-9F7E-F7A6DBEF1FA6}"
EndProject
Project("{FAE04EC0-301F-11D3-BF4B-00C04F79EFBC}") = "17.Sunglasses", "17.Sunglasses\17.Sunglasses.csproj", "{AF11F2FE-0C88-472B-822A-578AD055C404}"
EndProject
Global
	GlobalSection(SolutionConfigurationPlatforms) = preSolution
		Debug|Any CPU = Debug|Any CPU
		Release|Any CPU = Release|Any CPU
	EndGlobalSection
	GlobalSection(ProjectConfigurationPlatforms) = postSolution
		{7797397F-1F5C-47BC-9912-05DE77DA5FC8}.Debug|Any CPU.ActiveCfg = Debug|Any CPU
		{7797397F-1F5C-47BC-9912-05DE77DA5FC8}.Debug|Any CPU.Build.0 = Debug|Any CPU
		{7797397F-1F5C-47BC-9912-05DE77DA5FC8}.Release|Any CPU.ActiveCfg = Release|Any CPU
		{7797397F-1F5C-47BC-9912-05DE77DA5FC8}.Release|Any CPU.Build.0 = Release|Any CPU
		{9449E6BD-3BB9-4AD1-8995-A9605DE20421}.Debug|Any CPU.ActiveCfg = Debug|Any CPU
		{9449E6BD-3BB9-4AD1-8995-A9605DE20421}.Debug|Any CPU.Build.0 = Debug|Any CPU
		{9449E6BD-3BB9-4AD1-8995-A9605DE20421}.Release|Any CPU.ActiveCfg = Release|Any CPU
		{9449E6BD-3BB9-4AD1-8995-A9605DE20421}.Release|Any CPU.Build.0 = Release|Any CPU
		{EED6C38D-1D3A-4DEE-BE2F-8EE0642C8871}.Debug|Any CPU.ActiveCfg = Debug|Any CPU
		{EED6C38D-1D3A-4DEE-BE2F-8EE0642C8871}.Debug|Any CPU.Build.0 = Debug|Any CPU
		{EED6C38D-1D3A-4DEE-BE2F-8EE0642C8871}.Release|Any CPU.ActiveCfg = Release|Any CPU
		{EED6C38D-1D3A-4DEE-BE2F-8EE0642C8871}.Release|Any CPU.Build.0 = Release|Any CPU
		{50F48C08-089F-4DB3-8643-4474C3C060D1}.Debug|Any CPU.ActiveCfg = Debug|Any CPU
		{50F48C08-089F-4DB3-8643-4474C3C060D1}.Debug|Any CPU.Build.0 = Debug|Any CPU
		{50F48C08-089F-4DB3-8643-4474C3C060D1}.Release|Any CPU.ActiveCfg = Release|Any CPU
		{50F48C08-089F-4DB3-8643-4474C3C060D1}.Release|Any CPU.Build.0 = Release|Any CPU
		{625086DC-F052-4844-B7CE-2FC471825C7D}.Debug|Any CPU.ActiveCfg = Debug|Any CPU
		{625086DC-F052-4844-B7CE-2FC471825C7D}.Debug|Any CPU.Build.0 = Debug|Any CPU
		{625086DC-F052-4844-B7CE-2FC471825C7D}.Release|Any CPU.ActiveCfg = Release|Any CPU
		{625086DC-F052-4844-B7CE-2FC471825C7D}.Release|Any CPU.Build.0 = Release|Any CPU
		{C9FFB802-7C6F-4584-BCDA-6981B54908DB}.Debug|Any CPU.ActiveCfg = Debug|Any CPU
		{C9FFB802-7C6F-4584-BCDA-6981B54908DB}.Debug|Any CPU.Build.0 = Debug|Any CPU
		{C9FFB802-7C6F-4584-BCDA-6981B54908DB}.Release|Any CPU.ActiveCfg = Release|Any CPU
		{C9FFB802-7C6F-4584-BCDA-6981B54908DB}.Release|Any CPU.Build.0 = Release|Any CPU
		{30FCE143-6DBD-44F2-B949-7262DE3CAC24}.Debug|Any CPU.ActiveCfg = Debug|Any CPU
		{30FCE143-6DBD-44F2-B949-7262DE3CAC24}.Debug|Any CPU.Build.0 = Debug|Any CPU
		{30FCE143-6DBD-44F2-B949-7262DE3CAC24}.Release|Any CPU.ActiveCfg = Release|Any CPU
		{30FCE143-6DBD-44F2-B949-7262DE3CAC24}.Release|Any CPU.Build.0 = Release|Any CPU
		{60478D40-1EAC-45C7-ACA8-3E1B8EB49E9D}.Debug|Any CPU.ActiveCfg = Debug|Any CPU
		{60478D40-1EAC-45C7-ACA8-3E1B8EB49E9D}.Debug|Any CPU.Build.0 = Debug|Any CPU
		{60478D40-1EAC-45C7-ACA8-3E1B8EB49E9D}.Release|Any CPU.ActiveCfg = Release|Any CPU
		{60478D40-1EAC-45C7-ACA8-3E1B8EB49E9D}.Release|Any CPU.Build.0 = Release|Any CPU
		{A4BFE4A9-6B5E-47B5-BF2D-B816D4CB10E1}.Debug|Any CPU.ActiveCfg = Debug|Any CPU
		{A4BFE4A9-6B5E-47B5-BF2D-B816D4CB10E1}.Debug|Any CPU.Build.0 = Debug|Any CPU
		{A4BFE4A9-6B5E-47B5-BF2D-B816D4CB10E1}.Release|Any CPU.ActiveCfg = Release|Any CPU
		{A4BFE4A9-6B5E-47B5-BF2D-B816D4CB10E1}.Release|Any CPU.Build.0 = Release|Any CPU
		{65524BF3-4F8F-4CE5-835A-371A392819FC}.Debug|Any CPU.ActiveCfg = Debug|Any CPU
		{65524BF3-4F8F-4CE5-835A-371A392819FC}.Debug|Any CPU.Build.0 = Debug|Any CPU
		{65524BF3-4F8F-4CE5-835A-371A392819FC}.Release|Any CPU.ActiveCfg = Release|Any CPU
		{65524BF3-4F8F-4CE5-835A-371A392819FC}.Release|Any CPU.Build.0 = Release|Any CPU
		{5EC93A51-5A48-45A0-8593-101C2F805E0F}.Debug|Any CPU.ActiveCfg = Debug|Any CPU
		{5EC93A51-5A48-45A0-8593-101C2F805E0F}.Debug|Any CPU.Build.0 = Debug|Any CPU
		{5EC93A51-5A48-45A0-8593-101C2F805E0F}.Release|Any CPU.ActiveCfg = Release|Any CPU
		{5EC93A51-5A48-45A0-8593-101C2F805E0F}.Release|Any CPU.Build.0 = Release|Any CPU
		{00E91E96-34BD-4A3E-8A5D-C553ABB40183}.Debug|Any CPU.ActiveCfg = Debug|Any CPU
		{00E91E96-34BD-4A3E-8A5D-C553ABB40183}.Debug|Any CPU.Build.0 = Debug|Any CPU
		{00E91E96-34BD-4A3E-8A5D-C553ABB40183}.Release|Any CPU.ActiveCfg = Release|Any CPU
		{00E91E96-34BD-4A3E-8A5D-C553ABB40183}.Release|Any CPU.Build.0 = Release|Any CPU
		{92B8A1CF-C998-4B47-9689-727C808ECBD3}.Debug|Any CPU.ActiveCfg = Debug|Any CPU
		{92B8A1CF-C998-4B47-9689-727C808ECBD3}.Debug|Any CPU.Build.0 = Debug|Any CPU
		{92B8A1CF-C998-4B47-9689-727C808ECBD3}.Release|Any CPU.ActiveCfg = Release|Any CPU
		{92B8A1CF-C998-4B47-9689-727C808ECBD3}.Release|Any CPU.Build.0 = Release|Any CPU
		{B6B2740D-4FFE-442F-8D99-A4219D5C410F}.Debug|Any CPU.ActiveCfg = Debug|Any CPU
		{B6B2740D-4FFE-442F-8D99-A4219D5C410F}.Debug|Any CPU.Build.0 = Debug|Any CPU
		{B6B2740D-4FFE-442F-8D99-A4219D5C410F}.Release|Any CPU.ActiveCfg = Release|Any CPU
		{B6B2740D-4FFE-442F-8D99-A4219D5C410F}.Release|Any CPU.Build.0 = Release|Any CPU
		{AC933F3C-C80B-446C-AA60-0649BB5ED547}.Debug|Any CPU.ActiveCfg = Debug|Any CPU
		{AC933F3C-C80B-446C-AA60-0649BB5ED547}.Debug|Any CPU.Build.0 = Debug|Any CPU
		{AC933F3C-C80B-446C-AA60-0649BB5ED547}.Release|Any CPU.ActiveCfg = Release|Any CPU
		{AC933F3C-C80B-446C-AA60-0649BB5ED547}.Release|Any CPU.Build.0 = Release|Any CPU
		{D6691A55-889D-4EFF-9F7E-F7A6DBEF1FA6}.Debug|Any CPU.ActiveCfg = Debug|Any CPU
		{D6691A55-889D-4EFF-9F7E-F7A6DBEF1FA6}.Debug|Any CPU.Build.0 = Debug|Any CPU
		{D6691A55-889D-4EFF-9F7E-F7A6DBEF1FA6}.Release|Any CPU.ActiveCfg = Release|Any CPU
		{D6691A55-889D-4EFF-9F7E-F7A6DBEF1FA6}.Release|Any CPU.Build.0 = Release|Any CPU
		{AF11F2FE-0C88-472B-822A-578AD055C404}.Debug|Any CPU.ActiveCfg = Debug|Any CPU
		{AF11F2FE-0C88-472B-822A-578AD055C404}.Debug|Any CPU.Build.0 = Debug|Any CPU
		{AF11F2FE-0C88-472B-822A-578AD055C404}.Release|Any CPU.ActiveCfg = Release|Any CPU
		{AF11F2FE-0C88-472B-822A-578AD055C404}.Release|Any CPU.Build.0 = Release|Any CPU
	EndGlobalSection
	GlobalSection(SolutionProperties) = preSolution
		HideSolutionNode = FALSE
	EndGlobalSection
EndGlobal
