
Microsoft Visual Studio Solution File, Format Version 12.00
# Visual Studio 2013
VisualStudioVersion = 12.0.31101.0
MinimumVisualStudioVersion = 10.0.40219.1
Project("{FAE04EC0-301F-11D3-BF4B-00C04F79EFBC}") = "Problem1-SortArrayOfNumbers", "Problem1-SortArrayOfNumbers\Problem1-SortArrayOfNumbers.csproj", "{2D9EB0AD-3558-40B6-8F7C-C30698E24E34}"
EndProject
Project("{FAE04EC0-301F-11D3-BF4B-00C04F79EFBC}") = "Problem2.SortArrayUsingSelectionSort", "Problem2.SortArrayUsingSelectionSort\Problem2.SortArrayUsingSelectionSort.csproj", "{91C40BBF-0CFE-4C2F-9AE8-400E24A9B112}"
EndProject
Global
	GlobalSection(SolutionConfigurationPlatforms) = preSolution
		Debug|Any CPU = Debug|Any CPU
		Release|Any CPU = Release|Any CPU
	EndGlobalSection
	GlobalSection(ProjectConfigurationPlatforms) = postSolution
		{2D9EB0AD-3558-40B6-8F7C-C30698E24E34}.Debug|Any CPU.ActiveCfg = Debug|Any CPU
		{2D9EB0AD-3558-40B6-8F7C-C30698E24E34}.Debug|Any CPU.Build.0 = Debug|Any CPU
		{2D9EB0AD-3558-40B6-8F7C-C30698E24E34}.Release|Any CPU.ActiveCfg = Release|Any CPU
		{2D9EB0AD-3558-40B6-8F7C-C30698E24E34}.Release|Any CPU.Build.0 = Release|Any CPU
		{91C40BBF-0CFE-4C2F-9AE8-400E24A9B112}.Debug|Any CPU.ActiveCfg = Debug|Any CPU
		{91C40BBF-0CFE-4C2F-9AE8-400E24A9B112}.Debug|Any CPU.Build.0 = Debug|Any CPU
		{91C40BBF-0CFE-4C2F-9AE8-400E24A9B112}.Release|Any CPU.ActiveCfg = Release|Any CPU
		{91C40BBF-0CFE-4C2F-9AE8-400E24A9B112}.Release|Any CPU.Build.0 = Release|Any CPU
	EndGlobalSection
	GlobalSection(SolutionProperties) = preSolution
		HideSolutionNode = FALSE
	EndGlobalSection
EndGlobal
